
Microsoft Visual Studio Solution File, Format Version 12.00
# Visual Studio Version 16
VisualStudioVersion = 16.0.29613.14
MinimumVisualStudioVersion = 10.0.40219.1
Project("{9A19103F-16F7-4668-BE54-9A1E7A4F7556}") = "Jal.Factory", "Jal.Factory\Jal.Factory.csproj", "{A408B8D4-499F-42F4-96C3-BA87BE5F4450}"
EndProject
Project("{9A19103F-16F7-4668-BE54-9A1E7A4F7556}") = "Jal.Factory.Installer", "Jal.Factory.Installer\Jal.Factory.Installer.csproj", "{3F5DCFD1-C2D0-4523-AFAC-732B1D2AB5C1}"
EndProject
Project("{9A19103F-16F7-4668-BE54-9A1E7A4F7556}") = "Jal.Factory.LightInject.Installer", "Jal.Factory.LightInject.Installer\Jal.Factory.LightInject.Installer.csproj", "{60B01681-5F51-4D86-91C9-4B5464C98066}"
EndProject
Project("{2150E333-8FDC-42A3-9474-1A3956D46DE8}") = "Solution Items", "Solution Items", "{8D8B89F0-336C-4873-98F8-AA6DEA577505}"
	ProjectSection(SolutionItems) = preProject
		README.md = README.md
	EndProjectSection
EndProject
Project("{9A19103F-16F7-4668-BE54-9A1E7A4F7556}") = "Jal.Factory.Tests", "Jal.Factory.Tests\Jal.Factory.Tests.csproj", "{86ABE329-E5B2-4423-B8D2-948EDA872587}"
EndProject
Project("{9A19103F-16F7-4668-BE54-9A1E7A4F7556}") = "Jal.Factory.Microsoft.Extensions.DependencyInjection.Installer", "Jal.Factory.Microsoft.Extensions.DependencyInjection.Installer\Jal.Factory.Microsoft.Extensions.DependencyInjection.Installer.csproj", "{C4B0AD05-6E15-4DD4-B90A-205D673BBAD7}"
EndProject
Global
	GlobalSection(SolutionConfigurationPlatforms) = preSolution
		Debug|Any CPU = Debug|Any CPU
		Release|Any CPU = Release|Any CPU
	EndGlobalSection
	GlobalSection(ProjectConfigurationPlatforms) = postSolution
		{A408B8D4-499F-42F4-96C3-BA87BE5F4450}.Debug|Any CPU.ActiveCfg = Debug|Any CPU
		{A408B8D4-499F-42F4-96C3-BA87BE5F4450}.Debug|Any CPU.Build.0 = Debug|Any CPU
		{A408B8D4-499F-42F4-96C3-BA87BE5F4450}.Release|Any CPU.ActiveCfg = Release|Any CPU
		{A408B8D4-499F-42F4-96C3-BA87BE5F4450}.Release|Any CPU.Build.0 = Release|Any CPU
		{3F5DCFD1-C2D0-4523-AFAC-732B1D2AB5C1}.Debug|Any CPU.ActiveCfg = Debug|Any CPU
		{3F5DCFD1-C2D0-4523-AFAC-732B1D2AB5C1}.Debug|Any CPU.Build.0 = Debug|Any CPU
		{3F5DCFD1-C2D0-4523-AFAC-732B1D2AB5C1}.Release|Any CPU.ActiveCfg = Release|Any CPU
		{3F5DCFD1-C2D0-4523-AFAC-732B1D2AB5C1}.Release|Any CPU.Build.0 = Release|Any CPU
		{60B01681-5F51-4D86-91C9-4B5464C98066}.Debug|Any CPU.ActiveCfg = Debug|Any CPU
		{60B01681-5F51-4D86-91C9-4B5464C98066}.Debug|Any CPU.Build.0 = Debug|Any CPU
		{60B01681-5F51-4D86-91C9-4B5464C98066}.Release|Any CPU.ActiveCfg = Release|Any CPU
		{60B01681-5F51-4D86-91C9-4B5464C98066}.Release|Any CPU.Build.0 = Release|Any CPU
		{86ABE329-E5B2-4423-B8D2-948EDA872587}.Debug|Any CPU.ActiveCfg = Debug|Any CPU
		{86ABE329-E5B2-4423-B8D2-948EDA872587}.Debug|Any CPU.Build.0 = Debug|Any CPU
		{86ABE329-E5B2-4423-B8D2-948EDA872587}.Release|Any CPU.ActiveCfg = Release|Any CPU
		{86ABE329-E5B2-4423-B8D2-948EDA872587}.Release|Any CPU.Build.0 = Release|Any CPU
		{C4B0AD05-6E15-4DD4-B90A-205D673BBAD7}.Debug|Any CPU.ActiveCfg = Debug|Any CPU
		{C4B0AD05-6E15-4DD4-B90A-205D673BBAD7}.Debug|Any CPU.Build.0 = Debug|Any CPU
		{C4B0AD05-6E15-4DD4-B90A-205D673BBAD7}.Release|Any CPU.ActiveCfg = Release|Any CPU
		{C4B0AD05-6E15-4DD4-B90A-205D673BBAD7}.Release|Any CPU.Build.0 = Release|Any CPU
	EndGlobalSection
	GlobalSection(SolutionProperties) = preSolution
		HideSolutionNode = FALSE
	EndGlobalSection
	GlobalSection(ExtensibilityGlobals) = postSolution
		SolutionGuid = {804608C9-4BFE-4FB0-A804-C555FD792A6B}
	EndGlobalSection
EndGlobal
